
Microsoft Visual Studio Solution File, Format Version 12.00
# Visual Studio Version 16
VisualStudioVersion = 16.0.29613.14
MinimumVisualStudioVersion = 10.0.40219.1
Project("{FAE04EC0-301F-11D3-BF4B-00C04F79EFBC}") = "EcommerceReal", "EcommerceReal.csproj", "{6AF75163-4E6E-49BA-B2DD-628D07FFFC78}"
EndProject
Global
	GlobalSection(SolutionConfigurationPlatforms) = preSolution
		Debug|Any CPU = Debug|Any CPU
		Release|Any CPU = Release|Any CPU
	EndGlobalSection
	GlobalSection(ProjectConfigurationPlatforms) = postSolution
		{6AF75163-4E6E-49BA-B2DD-628D07FFFC78}.Debug|Any CPU.ActiveCfg = Debug|Any CPU
		{6AF75163-4E6E-49BA-B2DD-628D07FFFC78}.Debug|Any CPU.Build.0 = Debug|Any CPU
		{6AF75163-4E6E-49BA-B2DD-628D07FFFC78}.Release|Any CPU.ActiveCfg = Release|Any CPU
		{6AF75163-4E6E-49BA-B2DD-628D07FFFC78}.Release|Any CPU.Build.0 = Release|Any CPU
	EndGlobalSection
	GlobalSection(SolutionProperties) = preSolution
		HideSolutionNode = FALSE
	EndGlobalSection
	GlobalSection(ExtensibilityGlobals) = postSolution
		SolutionGuid = {380225BA-52CE-4AFF-8682-4C659C5DA8EF}
	EndGlobalSection
EndGlobal
